// !$*UTF8*$!
{
	archiveVersion = 1;
	classes = {
	};
	objectVersion = 52;
	objects = {

/* Begin PBXBuildFile section */
		1C1A09C42697B559007C74C8 /* sprite.atlas in Resources */ = {isa = PBXBuildFile; fileRef = 1C1A09C32697B559007C74C8 /* sprite.atlas */; };
		1C1CF5D826972C1500E453C9 /* world.atlas in Resources */ = {isa = PBXBuildFile; fileRef = 1C1CF5D726972C1500E453C9 /* world.atlas */; };
		1C6BAE162684EBC200EF9B27 /* AppDelegate.swift in Sources */ = {isa = PBXBuildFile; fileRef = 1C6BAE152684EBC200EF9B27 /* AppDelegate.swift */; };
		1C6BAE182684EBC200EF9B27 /* SceneDelegate.swift in Sources */ = {isa = PBXBuildFile; fileRef = 1C6BAE172684EBC200EF9B27 /* SceneDelegate.swift */; };
		1C6BAE1A2684EBC200EF9B27 /* ViewController.swift in Sources */ = {isa = PBXBuildFile; fileRef = 1C6BAE192684EBC200EF9B27 /* ViewController.swift */; };
		1C6BAE1D2684EBC200EF9B27 /* Main.storyboard in Resources */ = {isa = PBXBuildFile; fileRef = 1C6BAE1B2684EBC200EF9B27 /* Main.storyboard */; };
		1C6BAE1F2684EBC400EF9B27 /* Assets.xcassets in Resources */ = {isa = PBXBuildFile; fileRef = 1C6BAE1E2684EBC400EF9B27 /* Assets.xcassets */; };
		1C6BAE222684EBC400EF9B27 /* LaunchScreen.storyboard in Resources */ = {isa = PBXBuildFile; fileRef = 1C6BAE202684EBC400EF9B27 /* LaunchScreen.storyboard */; };
		1C6BAE2D2684EBC500EF9B27 /* RetryGameDevelopmentChassisTests.swift in Sources */ = {isa = PBXBuildFile; fileRef = 1C6BAE2C2684EBC500EF9B27 /* RetryGameDevelopmentChassisTests.swift */; };
		1C6BAE382684EBC500EF9B27 /* RetryGameDevelopmentChassisUITests.swift in Sources */ = {isa = PBXBuildFile; fileRef = 1C6BAE372684EBC500EF9B27 /* RetryGameDevelopmentChassisUITests.swift */; };
		1C6BAE4C2684EC6300EF9B27 /* GameEnabledRetryView.swift in Sources */ = {isa = PBXBuildFile; fileRef = 1C6BAE4B2684EC6300EF9B27 /* GameEnabledRetryView.swift */; };
		1C6BAE4E2684ED0200EF9B27 /* RetryViewModel.swift in Sources */ = {isa = PBXBuildFile; fileRef = 1C6BAE4D2684ED0200EF9B27 /* RetryViewModel.swift */; };
		1C6BAE502684EE7A00EF9B27 /* RetryViewModelDelegate.swift in Sources */ = {isa = PBXBuildFile; fileRef = 1C6BAE4F2684EE7A00EF9B27 /* RetryViewModelDelegate.swift */; };
		1C6BAE552684F0F300EF9B27 /* RetryGame in Frameworks */ = {isa = PBXBuildFile; productRef = 1C6BAE542684F0F300EF9B27 /* RetryGame */; };
		1C7097F32696336800CAB086 /* no3.wav in Resources */ = {isa = PBXBuildFile; fileRef = 1C7097E42696336700CAB086 /* no3.wav */; };
		1C7097F42696336800CAB086 /* boing1.wav in Resources */ = {isa = PBXBuildFile; fileRef = 1C7097E52696336700CAB086 /* boing1.wav */; };
		1C7097F52696336800CAB086 /* no5.wav in Resources */ = {isa = PBXBuildFile; fileRef = 1C7097E62696336700CAB086 /* no5.wav */; };
		1C7097F62696336800CAB086 /* boing5.wav in Resources */ = {isa = PBXBuildFile; fileRef = 1C7097E72696336700CAB086 /* boing5.wav */; };
		1C7097F72696336800CAB086 /* boing2.wav in Resources */ = {isa = PBXBuildFile; fileRef = 1C7097E82696336700CAB086 /* boing2.wav */; };
		1C7097F82696336800CAB086 /* boing3.wav in Resources */ = {isa = PBXBuildFile; fileRef = 1C7097E92696336700CAB086 /* boing3.wav */; };
		1C7097F92696336800CAB086 /* no2.wav in Resources */ = {isa = PBXBuildFile; fileRef = 1C7097EA2696336700CAB086 /* no2.wav */; };
		1C7097FA2696336800CAB086 /* no1.wav in Resources */ = {isa = PBXBuildFile; fileRef = 1C7097EB2696336800CAB086 /* no1.wav */; };
		1C7097FB2696336800CAB086 /* boing4.wav in Resources */ = {isa = PBXBuildFile; fileRef = 1C7097EC2696336800CAB086 /* boing4.wav */; };
		1C7097FC2696336800CAB086 /* bing.wav in Resources */ = {isa = PBXBuildFile; fileRef = 1C7097ED2696336800CAB086 /* bing.wav */; };
		1C7097FD2696336800CAB086 /* boing6.wav in Resources */ = {isa = PBXBuildFile; fileRef = 1C7097EE2696336800CAB086 /* boing6.wav */; };
		1C7097FE2696336800CAB086 /* no4.wav in Resources */ = {isa = PBXBuildFile; fileRef = 1C7097EF2696336800CAB086 /* no4.wav */; };
		1C7097FF2696336800CAB086 /* no6.wav in Resources */ = {isa = PBXBuildFile; fileRef = 1C7097F02696336800CAB086 /* no6.wav */; };
		1C7098002696336800CAB086 /* no7.wav in Resources */ = {isa = PBXBuildFile; fileRef = 1C7097F12696336800CAB086 /* no7.wav */; };
		1C7098012696336800CAB086 /* ukeloop.mp3 in Resources */ = {isa = PBXBuildFile; fileRef = 1C7097F22696336800CAB086 /* ukeloop.mp3 */; };
		1CA0BB8A2685E459007A28AC /* RetryDelegate.swift in Sources */ = {isa = PBXBuildFile; fileRef = 1CA0BB892685E459007A28AC /* RetryDelegate.swift */; };
/* End PBXBuildFile section */

/* Begin PBXContainerItemProxy section */
		1C6BAE292684EBC500EF9B27 /* PBXContainerItemProxy */ = {
			isa = PBXContainerItemProxy;
			containerPortal = 1C6BAE0A2684EBC200EF9B27 /* Project object */;
			proxyType = 1;
			remoteGlobalIDString = 1C6BAE112684EBC200EF9B27;
			remoteInfo = RetryGameDevelopmentChassis;
		};
		1C6BAE342684EBC500EF9B27 /* PBXContainerItemProxy */ = {
			isa = PBXContainerItemProxy;
			containerPortal = 1C6BAE0A2684EBC200EF9B27 /* Project object */;
			proxyType = 1;
			remoteGlobalIDString = 1C6BAE112684EBC200EF9B27;
			remoteInfo = RetryGameDevelopmentChassis;
		};
/* End PBXContainerItemProxy section */

/* Begin PBXFileReference section */
		1C1A09C32697B559007C74C8 /* sprite.atlas */ = {isa = PBXFileReference; lastKnownFileType = folder.skatlas; path = sprite.atlas; sourceTree = "<group>"; };
		1C1CF5D726972C1500E453C9 /* world.atlas */ = {isa = PBXFileReference; lastKnownFileType = folder.skatlas; path = world.atlas; sourceTree = "<group>"; };
		1C6BAE122684EBC200EF9B27 /* RetryGameDevelopmentChassis.app */ = {isa = PBXFileReference; explicitFileType = wrapper.application; includeInIndex = 0; path = RetryGameDevelopmentChassis.app; sourceTree = BUILT_PRODUCTS_DIR; };
		1C6BAE152684EBC200EF9B27 /* AppDelegate.swift */ = {isa = PBXFileReference; lastKnownFileType = sourcecode.swift; path = AppDelegate.swift; sourceTree = "<group>"; };
		1C6BAE172684EBC200EF9B27 /* SceneDelegate.swift */ = {isa = PBXFileReference; lastKnownFileType = sourcecode.swift; path = SceneDelegate.swift; sourceTree = "<group>"; };
		1C6BAE192684EBC200EF9B27 /* ViewController.swift */ = {isa = PBXFileReference; lastKnownFileType = sourcecode.swift; path = ViewController.swift; sourceTree = "<group>"; };
		1C6BAE1C2684EBC200EF9B27 /* Base */ = {isa = PBXFileReference; lastKnownFileType = file.storyboard; name = Base; path = Base.lproj/Main.storyboard; sourceTree = "<group>"; };
		1C6BAE1E2684EBC400EF9B27 /* Assets.xcassets */ = {isa = PBXFileReference; lastKnownFileType = folder.assetcatalog; path = Assets.xcassets; sourceTree = "<group>"; };
		1C6BAE212684EBC400EF9B27 /* Base */ = {isa = PBXFileReference; lastKnownFileType = file.storyboard; name = Base; path = Base.lproj/LaunchScreen.storyboard; sourceTree = "<group>"; };
		1C6BAE232684EBC400EF9B27 /* Info.plist */ = {isa = PBXFileReference; lastKnownFileType = text.plist.xml; path = Info.plist; sourceTree = "<group>"; };
		1C6BAE282684EBC500EF9B27 /* RetryGameDevelopmentChassisTests.xctest */ = {isa = PBXFileReference; explicitFileType = wrapper.cfbundle; includeInIndex = 0; path = RetryGameDevelopmentChassisTests.xctest; sourceTree = BUILT_PRODUCTS_DIR; };
		1C6BAE2C2684EBC500EF9B27 /* RetryGameDevelopmentChassisTests.swift */ = {isa = PBXFileReference; lastKnownFileType = sourcecode.swift; path = RetryGameDevelopmentChassisTests.swift; sourceTree = "<group>"; };
		1C6BAE2E2684EBC500EF9B27 /* Info.plist */ = {isa = PBXFileReference; lastKnownFileType = text.plist.xml; path = Info.plist; sourceTree = "<group>"; };
		1C6BAE332684EBC500EF9B27 /* RetryGameDevelopmentChassisUITests.xctest */ = {isa = PBXFileReference; explicitFileType = wrapper.cfbundle; includeInIndex = 0; path = RetryGameDevelopmentChassisUITests.xctest; sourceTree = BUILT_PRODUCTS_DIR; };
		1C6BAE372684EBC500EF9B27 /* RetryGameDevelopmentChassisUITests.swift */ = {isa = PBXFileReference; lastKnownFileType = sourcecode.swift; path = RetryGameDevelopmentChassisUITests.swift; sourceTree = "<group>"; };
		1C6BAE392684EBC500EF9B27 /* Info.plist */ = {isa = PBXFileReference; lastKnownFileType = text.plist.xml; path = Info.plist; sourceTree = "<group>"; };
		1C6BAE4B2684EC6300EF9B27 /* GameEnabledRetryView.swift */ = {isa = PBXFileReference; lastKnownFileType = sourcecode.swift; path = GameEnabledRetryView.swift; sourceTree = "<group>"; };
		1C6BAE4D2684ED0200EF9B27 /* RetryViewModel.swift */ = {isa = PBXFileReference; lastKnownFileType = sourcecode.swift; path = RetryViewModel.swift; sourceTree = "<group>"; };
		1C6BAE4F2684EE7A00EF9B27 /* RetryViewModelDelegate.swift */ = {isa = PBXFileReference; lastKnownFileType = sourcecode.swift; path = RetryViewModelDelegate.swift; sourceTree = "<group>"; };
		1C6BAE522684F04100EF9B27 /* RetryGame */ = {isa = PBXFileReference; lastKnownFileType = folder; path = RetryGame; sourceTree = "<group>"; };
		1C7097E42696336700CAB086 /* no3.wav */ = {isa = PBXFileReference; lastKnownFileType = audio.wav; path = no3.wav; sourceTree = "<group>"; };
		1C7097E52696336700CAB086 /* boing1.wav */ = {isa = PBXFileReference; lastKnownFileType = audio.wav; path = boing1.wav; sourceTree = "<group>"; };
		1C7097E62696336700CAB086 /* no5.wav */ = {isa = PBXFileReference; lastKnownFileType = audio.wav; path = no5.wav; sourceTree = "<group>"; };
		1C7097E72696336700CAB086 /* boing5.wav */ = {isa = PBXFileReference; lastKnownFileType = audio.wav; path = boing5.wav; sourceTree = "<group>"; };
		1C7097E82696336700CAB086 /* boing2.wav */ = {isa = PBXFileReference; lastKnownFileType = audio.wav; path = boing2.wav; sourceTree = "<group>"; };
		1C7097E92696336700CAB086 /* boing3.wav */ = {isa = PBXFileReference; lastKnownFileType = audio.wav; path = boing3.wav; sourceTree = "<group>"; };
		1C7097EA2696336700CAB086 /* no2.wav */ = {isa = PBXFileReference; lastKnownFileType = audio.wav; path = no2.wav; sourceTree = "<group>"; };
		1C7097EB2696336800CAB086 /* no1.wav */ = {isa = PBXFileReference; lastKnownFileType = audio.wav; path = no1.wav; sourceTree = "<group>"; };
		1C7097EC2696336800CAB086 /* boing4.wav */ = {isa = PBXFileReference; lastKnownFileType = audio.wav; path = boing4.wav; sourceTree = "<group>"; };
		1C7097ED2696336800CAB086 /* bing.wav */ = {isa = PBXFileReference; lastKnownFileType = audio.wav; path = bing.wav; sourceTree = "<group>"; };
		1C7097EE2696336800CAB086 /* boing6.wav */ = {isa = PBXFileReference; lastKnownFileType = audio.wav; path = boing6.wav; sourceTree = "<group>"; };
		1C7097EF2696336800CAB086 /* no4.wav */ = {isa = PBXFileReference; lastKnownFileType = audio.wav; path = no4.wav; sourceTree = "<group>"; };
		1C7097F02696336800CAB086 /* no6.wav */ = {isa = PBXFileReference; lastKnownFileType = audio.wav; path = no6.wav; sourceTree = "<group>"; };
		1C7097F12696336800CAB086 /* no7.wav */ = {isa = PBXFileReference; lastKnownFileType = audio.wav; path = no7.wav; sourceTree = "<group>"; };
		1C7097F22696336800CAB086 /* ukeloop.mp3 */ = {isa = PBXFileReference; lastKnownFileType = audio.mp3; path = ukeloop.mp3; sourceTree = "<group>"; };
		1CA0BB892685E459007A28AC /* RetryDelegate.swift */ = {isa = PBXFileReference; lastKnownFileType = sourcecode.swift; path = RetryDelegate.swift; sourceTree = "<group>"; };
/* End PBXFileReference section */

/* Begin PBXFrameworksBuildPhase section */
		1C6BAE0F2684EBC200EF9B27 /* Frameworks */ = {
			isa = PBXFrameworksBuildPhase;
			buildActionMask = 2147483647;
			files = (
				1C6BAE552684F0F300EF9B27 /* RetryGame in Frameworks */,
			);
			runOnlyForDeploymentPostprocessing = 0;
		};
		1C6BAE252684EBC500EF9B27 /* Frameworks */ = {
			isa = PBXFrameworksBuildPhase;
			buildActionMask = 2147483647;
			files = (
			);
			runOnlyForDeploymentPostprocessing = 0;
		};
		1C6BAE302684EBC500EF9B27 /* Frameworks */ = {
			isa = PBXFrameworksBuildPhase;
			buildActionMask = 2147483647;
			files = (
			);
			runOnlyForDeploymentPostprocessing = 0;
		};
/* End PBXFrameworksBuildPhase section */

/* Begin PBXGroup section */
		1C1CF5D02697205900E453C9 /* Sprite */ = {
			isa = PBXGroup;
			children = (
				1C1A09C32697B559007C74C8 /* sprite.atlas */,
				1C1CF5D726972C1500E453C9 /* world.atlas */,
			);
			path = Sprite;
			sourceTree = "<group>";
		};
		1C6BAE092684EBC200EF9B27 = {
			isa = PBXGroup;
			children = (
				1C6BAE512684F02300EF9B27 /* Modules */,
				1C6BAE142684EBC200EF9B27 /* RetryGameDevelopmentChassis */,
				1C6BAE2B2684EBC500EF9B27 /* RetryGameDevelopmentChassisTests */,
				1C6BAE362684EBC500EF9B27 /* RetryGameDevelopmentChassisUITests */,
				1C6BAE132684EBC200EF9B27 /* Products */,
				1C6BAE532684F0F300EF9B27 /* Frameworks */,
			);
			sourceTree = "<group>";
		};
		1C6BAE132684EBC200EF9B27 /* Products */ = {
			isa = PBXGroup;
			children = (
				1C6BAE122684EBC200EF9B27 /* RetryGameDevelopmentChassis.app */,
				1C6BAE282684EBC500EF9B27 /* RetryGameDevelopmentChassisTests.xctest */,
				1C6BAE332684EBC500EF9B27 /* RetryGameDevelopmentChassisUITests.xctest */,
			);
			name = Products;
			sourceTree = "<group>";
		};
		1C6BAE142684EBC200EF9B27 /* RetryGameDevelopmentChassis */ = {
			isa = PBXGroup;
			children = (
				1C6BAE4A2684EBFF00EF9B27 /* Assets */,
				1C6BAE492684EBF600EF9B27 /* ViewController */,
				1C6BAE482684EBEE00EF9B27 /* ViewModel */,
				1C6BAE472684EBE800EF9B27 /* View */,
				1C6BAE462684EBE100EF9B27 /* Storyboard */,
				1C6BAE452684EBD300EF9B27 /* Delegate */,
				1C6BAE232684EBC400EF9B27 /* Info.plist */,
			);
			path = RetryGameDevelopmentChassis;
			sourceTree = "<group>";
		};
		1C6BAE2B2684EBC500EF9B27 /* RetryGameDevelopmentChassisTests */ = {
			isa = PBXGroup;
			children = (
				1C6BAE2C2684EBC500EF9B27 /* RetryGameDevelopmentChassisTests.swift */,
				1C6BAE2E2684EBC500EF9B27 /* Info.plist */,
			);
			path = RetryGameDevelopmentChassisTests;
			sourceTree = "<group>";
		};
		1C6BAE362684EBC500EF9B27 /* RetryGameDevelopmentChassisUITests */ = {
			isa = PBXGroup;
			children = (
				1C6BAE372684EBC500EF9B27 /* RetryGameDevelopmentChassisUITests.swift */,
				1C6BAE392684EBC500EF9B27 /* Info.plist */,
			);
			path = RetryGameDevelopmentChassisUITests;
			sourceTree = "<group>";
		};
		1C6BAE452684EBD300EF9B27 /* Delegate */ = {
			isa = PBXGroup;
			children = (
				1C6BAE152684EBC200EF9B27 /* AppDelegate.swift */,
				1C6BAE172684EBC200EF9B27 /* SceneDelegate.swift */,
				1C6BAE4F2684EE7A00EF9B27 /* RetryViewModelDelegate.swift */,
				1CA0BB892685E459007A28AC /* RetryDelegate.swift */,
			);
			path = Delegate;
			sourceTree = "<group>";
		};
		1C6BAE462684EBE100EF9B27 /* Storyboard */ = {
			isa = PBXGroup;
			children = (
				1C6BAE202684EBC400EF9B27 /* LaunchScreen.storyboard */,
				1C6BAE1B2684EBC200EF9B27 /* Main.storyboard */,
			);
			path = Storyboard;
			sourceTree = "<group>";
		};
		1C6BAE472684EBE800EF9B27 /* View */ = {
			isa = PBXGroup;
			children = (
				1C6BAE4B2684EC6300EF9B27 /* GameEnabledRetryView.swift */,
			);
			path = View;
			sourceTree = "<group>";
		};
		1C6BAE482684EBEE00EF9B27 /* ViewModel */ = {
			isa = PBXGroup;
			children = (
				1C6BAE4D2684ED0200EF9B27 /* RetryViewModel.swift */,
			);
			path = ViewModel;
			sourceTree = "<group>";
		};
		1C6BAE492684EBF600EF9B27 /* ViewController */ = {
			isa = PBXGroup;
			children = (
				1C6BAE192684EBC200EF9B27 /* ViewController.swift */,
			);
			path = ViewController;
			sourceTree = "<group>";
		};
		1C6BAE4A2684EBFF00EF9B27 /* Assets */ = {
			isa = PBXGroup;
			children = (
				1C1CF5D02697205900E453C9 /* Sprite */,
				1C7097E32696334300CAB086 /* Audio */,
				1C6BAE1E2684EBC400EF9B27 /* Assets.xcassets */,
			);
			path = Assets;
			sourceTree = "<group>";
		};
		1C6BAE512684F02300EF9B27 /* Modules */ = {
			isa = PBXGroup;
			children = (
				1C6BAE522684F04100EF9B27 /* RetryGame */,
			);
			path = Modules;
			sourceTree = "<group>";
		};
		1C6BAE532684F0F300EF9B27 /* Frameworks */ = {
			isa = PBXGroup;
			children = (
			);
			name = Frameworks;
			sourceTree = "<group>";
		};
		1C7097E32696334300CAB086 /* Audio */ = {
			isa = PBXGroup;
			children = (
				1C7097ED2696336800CAB086 /* bing.wav */,
				1C7097E52696336700CAB086 /* boing1.wav */,
				1C7097E82696336700CAB086 /* boing2.wav */,
				1C7097E92696336700CAB086 /* boing3.wav */,
				1C7097EC2696336800CAB086 /* boing4.wav */,
				1C7097E72696336700CAB086 /* boing5.wav */,
				1C7097EE2696336800CAB086 /* boing6.wav */,
				1C7097EB2696336800CAB086 /* no1.wav */,
				1C7097EA2696336700CAB086 /* no2.wav */,
				1C7097E42696336700CAB086 /* no3.wav */,
				1C7097EF2696336800CAB086 /* no4.wav */,
				1C7097E62696336700CAB086 /* no5.wav */,
				1C7097F02696336800CAB086 /* no6.wav */,
				1C7097F12696336800CAB086 /* no7.wav */,
				1C7097F22696336800CAB086 /* ukeloop.mp3 */,
			);
			path = Audio;
			sourceTree = "<group>";
		};
/* End PBXGroup section */

/* Begin PBXNativeTarget section */
		1C6BAE112684EBC200EF9B27 /* RetryGameDevelopmentChassis */ = {
			isa = PBXNativeTarget;
			buildConfigurationList = 1C6BAE3C2684EBC500EF9B27 /* Build configuration list for PBXNativeTarget "RetryGameDevelopmentChassis" */;
			buildPhases = (
				1C6BAE0E2684EBC200EF9B27 /* Sources */,
				1C6BAE0F2684EBC200EF9B27 /* Frameworks */,
				1C6BAE102684EBC200EF9B27 /* Resources */,
			);
			buildRules = (
			);
			dependencies = (
			);
			name = RetryGameDevelopmentChassis;
			packageProductDependencies = (
				1C6BAE542684F0F300EF9B27 /* RetryGame */,
			);
			productName = RetryGameDevelopmentChassis;
			productReference = 1C6BAE122684EBC200EF9B27 /* RetryGameDevelopmentChassis.app */;
			productType = "com.apple.product-type.application";
		};
		1C6BAE272684EBC500EF9B27 /* RetryGameDevelopmentChassisTests */ = {
			isa = PBXNativeTarget;
			buildConfigurationList = 1C6BAE3F2684EBC500EF9B27 /* Build configuration list for PBXNativeTarget "RetryGameDevelopmentChassisTests" */;
			buildPhases = (
				1C6BAE242684EBC500EF9B27 /* Sources */,
				1C6BAE252684EBC500EF9B27 /* Frameworks */,
				1C6BAE262684EBC500EF9B27 /* Resources */,
			);
			buildRules = (
			);
			dependencies = (
				1C6BAE2A2684EBC500EF9B27 /* PBXTargetDependency */,
			);
			name = RetryGameDevelopmentChassisTests;
			productName = RetryGameDevelopmentChassisTests;
			productReference = 1C6BAE282684EBC500EF9B27 /* RetryGameDevelopmentChassisTests.xctest */;
			productType = "com.apple.product-type.bundle.unit-test";
		};
		1C6BAE322684EBC500EF9B27 /* RetryGameDevelopmentChassisUITests */ = {
			isa = PBXNativeTarget;
			buildConfigurationList = 1C6BAE422684EBC500EF9B27 /* Build configuration list for PBXNativeTarget "RetryGameDevelopmentChassisUITests" */;
			buildPhases = (
				1C6BAE2F2684EBC500EF9B27 /* Sources */,
				1C6BAE302684EBC500EF9B27 /* Frameworks */,
				1C6BAE312684EBC500EF9B27 /* Resources */,
			);
			buildRules = (
			);
			dependencies = (
				1C6BAE352684EBC500EF9B27 /* PBXTargetDependency */,
			);
			name = RetryGameDevelopmentChassisUITests;
			productName = RetryGameDevelopmentChassisUITests;
			productReference = 1C6BAE332684EBC500EF9B27 /* RetryGameDevelopmentChassisUITests.xctest */;
			productType = "com.apple.product-type.bundle.ui-testing";
		};
/* End PBXNativeTarget section */

/* Begin PBXProject section */
		1C6BAE0A2684EBC200EF9B27 /* Project object */ = {
			isa = PBXProject;
			attributes = {
				LastSwiftUpdateCheck = 1250;
				LastUpgradeCheck = 1250;
				TargetAttributes = {
					1C6BAE112684EBC200EF9B27 = {
						CreatedOnToolsVersion = 12.5.1;
					};
					1C6BAE272684EBC500EF9B27 = {
						CreatedOnToolsVersion = 12.5.1;
						TestTargetID = 1C6BAE112684EBC200EF9B27;
					};
					1C6BAE322684EBC500EF9B27 = {
						CreatedOnToolsVersion = 12.5.1;
						TestTargetID = 1C6BAE112684EBC200EF9B27;
					};
				};
			};
			buildConfigurationList = 1C6BAE0D2684EBC200EF9B27 /* Build configuration list for PBXProject "RetryGameDevelopmentChassis" */;
			compatibilityVersion = "Xcode 9.3";
			developmentRegion = en;
			hasScannedForEncodings = 0;
			knownRegions = (
				en,
				Base,
			);
			mainGroup = 1C6BAE092684EBC200EF9B27;
			productRefGroup = 1C6BAE132684EBC200EF9B27 /* Products */;
			projectDirPath = "";
			projectRoot = "";
			targets = (
				1C6BAE112684EBC200EF9B27 /* RetryGameDevelopmentChassis */,
				1C6BAE272684EBC500EF9B27 /* RetryGameDevelopmentChassisTests */,
				1C6BAE322684EBC500EF9B27 /* RetryGameDevelopmentChassisUITests */,
			);
		};
/* End PBXProject section */

/* Begin PBXResourcesBuildPhase section */
		1C6BAE102684EBC200EF9B27 /* Resources */ = {
			isa = PBXResourcesBuildPhase;
			buildActionMask = 2147483647;
			files = (
				1C7097FE2696336800CAB086 /* no4.wav in Resources */,
				1C7097F42696336800CAB086 /* boing1.wav in Resources */,
				1C7097FB2696336800CAB086 /* boing4.wav in Resources */,
				1C7097F62696336800CAB086 /* boing5.wav in Resources */,
				1C7097F92696336800CAB086 /* no2.wav in Resources */,
				1C6BAE222684EBC400EF9B27 /* LaunchScreen.storyboard in Resources */,
				1C7098002696336800CAB086 /* no7.wav in Resources */,
				1C7097FF2696336800CAB086 /* no6.wav in Resources */,
				1C6BAE1F2684EBC400EF9B27 /* Assets.xcassets in Resources */,
				1C7097F52696336800CAB086 /* no5.wav in Resources */,
				1C1A09C42697B559007C74C8 /* sprite.atlas in Resources */,
				1C7097FD2696336800CAB086 /* boing6.wav in Resources */,
				1C6BAE1D2684EBC200EF9B27 /* Main.storyboard in Resources */,
				1C7098012696336800CAB086 /* ukeloop.mp3 in Resources */,
				1C1CF5D826972C1500E453C9 /* world.atlas in Resources */,
				1C7097FA2696336800CAB086 /* no1.wav in Resources */,
				1C7097F32696336800CAB086 /* no3.wav in Resources */,
				1C7097F72696336800CAB086 /* boing2.wav in Resources */,
				1C7097F82696336800CAB086 /* boing3.wav in Resources */,
				1C7097FC2696336800CAB086 /* bing.wav in Resources */,
			);
			runOnlyForDeploymentPostprocessing = 0;
		};
		1C6BAE262684EBC500EF9B27 /* Resources */ = {
			isa = PBXResourcesBuildPhase;
			buildActionMask = 2147483647;
			files = (
			);
			runOnlyForDeploymentPostprocessing = 0;
		};
		1C6BAE312684EBC500EF9B27 /* Resources */ = {
			isa = PBXResourcesBuildPhase;
			buildActionMask = 2147483647;
			files = (
			);
			runOnlyForDeploymentPostprocessing = 0;
		};
/* End PBXResourcesBuildPhase section */

/* Begin PBXSourcesBuildPhase section */
		1C6BAE0E2684EBC200EF9B27 /* Sources */ = {
			isa = PBXSourcesBuildPhase;
			buildActionMask = 2147483647;
			files = (
				1C6BAE1A2684EBC200EF9B27 /* ViewController.swift in Sources */,
				1C6BAE162684EBC200EF9B27 /* AppDelegate.swift in Sources */,
				1C6BAE502684EE7A00EF9B27 /* RetryViewModelDelegate.swift in Sources */,
				1C6BAE182684EBC200EF9B27 /* SceneDelegate.swift in Sources */,
				1C6BAE4E2684ED0200EF9B27 /* RetryViewModel.swift in Sources */,
				1CA0BB8A2685E459007A28AC /* RetryDelegate.swift in Sources */,
				1C6BAE4C2684EC6300EF9B27 /* GameEnabledRetryView.swift in Sources */,
			);
			runOnlyForDeploymentPostprocessing = 0;
		};
		1C6BAE242684EBC500EF9B27 /* Sources */ = {
			isa = PBXSourcesBuildPhase;
			buildActionMask = 2147483647;
			files = (
				1C6BAE2D2684EBC500EF9B27 /* RetryGameDevelopmentChassisTests.swift in Sources */,
			);
			runOnlyForDeploymentPostprocessing = 0;
		};
		1C6BAE2F2684EBC500EF9B27 /* Sources */ = {
			isa = PBXSourcesBuildPhase;
			buildActionMask = 2147483647;
			files = (
				1C6BAE382684EBC500EF9B27 /* RetryGameDevelopmentChassisUITests.swift in Sources */,
			);
			runOnlyForDeploymentPostprocessing = 0;
		};
/* End PBXSourcesBuildPhase section */

/* Begin PBXTargetDependency section */
		1C6BAE2A2684EBC500EF9B27 /* PBXTargetDependency */ = {
			isa = PBXTargetDependency;
			target = 1C6BAE112684EBC200EF9B27 /* RetryGameDevelopmentChassis */;
			targetProxy = 1C6BAE292684EBC500EF9B27 /* PBXContainerItemProxy */;
		};
		1C6BAE352684EBC500EF9B27 /* PBXTargetDependency */ = {
			isa = PBXTargetDependency;
			target = 1C6BAE112684EBC200EF9B27 /* RetryGameDevelopmentChassis */;
			targetProxy = 1C6BAE342684EBC500EF9B27 /* PBXContainerItemProxy */;
		};
/* End PBXTargetDependency section */

/* Begin PBXVariantGroup section */
		1C6BAE1B2684EBC200EF9B27 /* Main.storyboard */ = {
			isa = PBXVariantGroup;
			children = (
				1C6BAE1C2684EBC200EF9B27 /* Base */,
			);
			name = Main.storyboard;
			sourceTree = "<group>";
		};
		1C6BAE202684EBC400EF9B27 /* LaunchScreen.storyboard */ = {
			isa = PBXVariantGroup;
			children = (
				1C6BAE212684EBC400EF9B27 /* Base */,
			);
			name = LaunchScreen.storyboard;
			sourceTree = "<group>";
		};
/* End PBXVariantGroup section */

/* Begin XCBuildConfiguration section */
		1C6BAE3A2684EBC500EF9B27 /* Debug */ = {
			isa = XCBuildConfiguration;
			buildSettings = {
				ALWAYS_SEARCH_USER_PATHS = NO;
				CLANG_ANALYZER_NONNULL = YES;
				CLANG_ANALYZER_NUMBER_OBJECT_CONVERSION = YES_AGGRESSIVE;
				CLANG_CXX_LANGUAGE_STANDARD = "gnu++14";
				CLANG_CXX_LIBRARY = "libc++";
				CLANG_ENABLE_MODULES = YES;
				CLANG_ENABLE_OBJC_ARC = YES;
				CLANG_ENABLE_OBJC_WEAK = YES;
				CLANG_WARN_BLOCK_CAPTURE_AUTORELEASING = YES;
				CLANG_WARN_BOOL_CONVERSION = YES;
				CLANG_WARN_COMMA = YES;
				CLANG_WARN_CONSTANT_CONVERSION = YES;
				CLANG_WARN_DEPRECATED_OBJC_IMPLEMENTATIONS = YES;
				CLANG_WARN_DIRECT_OBJC_ISA_USAGE = YES_ERROR;
				CLANG_WARN_DOCUMENTATION_COMMENTS = YES;
				CLANG_WARN_EMPTY_BODY = YES;
				CLANG_WARN_ENUM_CONVERSION = YES;
				CLANG_WARN_INFINITE_RECURSION = YES;
				CLANG_WARN_INT_CONVERSION = YES;
				CLANG_WARN_NON_LITERAL_NULL_CONVERSION = YES;
				CLANG_WARN_OBJC_IMPLICIT_RETAIN_SELF = YES;
				CLANG_WARN_OBJC_LITERAL_CONVERSION = YES;
				CLANG_WARN_OBJC_ROOT_CLASS = YES_ERROR;
				CLANG_WARN_QUOTED_INCLUDE_IN_FRAMEWORK_HEADER = YES;
				CLANG_WARN_RANGE_LOOP_ANALYSIS = YES;
				CLANG_WARN_STRICT_PROTOTYPES = YES;
				CLANG_WARN_SUSPICIOUS_MOVE = YES;
				CLANG_WARN_UNGUARDED_AVAILABILITY = YES_AGGRESSIVE;
				CLANG_WARN_UNREACHABLE_CODE = YES;
				CLANG_WARN__DUPLICATE_METHOD_MATCH = YES;
				COPY_PHASE_STRIP = NO;
				DEBUG_INFORMATION_FORMAT = dwarf;
				ENABLE_STRICT_OBJC_MSGSEND = YES;
				ENABLE_TESTABILITY = YES;
				GCC_C_LANGUAGE_STANDARD = gnu11;
				GCC_DYNAMIC_NO_PIC = NO;
				GCC_NO_COMMON_BLOCKS = YES;
				GCC_OPTIMIZATION_LEVEL = 0;
				GCC_PREPROCESSOR_DEFINITIONS = (
					"DEBUG=1",
					"$(inherited)",
				);
				GCC_WARN_64_TO_32_BIT_CONVERSION = YES;
				GCC_WARN_ABOUT_RETURN_TYPE = YES_ERROR;
				GCC_WARN_UNDECLARED_SELECTOR = YES;
				GCC_WARN_UNINITIALIZED_AUTOS = YES_AGGRESSIVE;
				GCC_WARN_UNUSED_FUNCTION = YES;
				GCC_WARN_UNUSED_VARIABLE = YES;
				IPHONEOS_DEPLOYMENT_TARGET = 14.5;
				MTL_ENABLE_DEBUG_INFO = INCLUDE_SOURCE;
				MTL_FAST_MATH = YES;
				ONLY_ACTIVE_ARCH = YES;
				SDKROOT = iphoneos;
				SWIFT_ACTIVE_COMPILATION_CONDITIONS = DEBUG;
				SWIFT_OPTIMIZATION_LEVEL = "-Onone";
			};
			name = Debug;
		};
		1C6BAE3B2684EBC500EF9B27 /* Release */ = {
			isa = XCBuildConfiguration;
			buildSettings = {
				ALWAYS_SEARCH_USER_PATHS = NO;
				CLANG_ANALYZER_NONNULL = YES;
				CLANG_ANALYZER_NUMBER_OBJECT_CONVERSION = YES_AGGRESSIVE;
				CLANG_CXX_LANGUAGE_STANDARD = "gnu++14";
				CLANG_CXX_LIBRARY = "libc++";
				CLANG_ENABLE_MODULES = YES;
				CLANG_ENABLE_OBJC_ARC = YES;
				CLANG_ENABLE_OBJC_WEAK = YES;
				CLANG_WARN_BLOCK_CAPTURE_AUTORELEASING = YES;
				CLANG_WARN_BOOL_CONVERSION = YES;
				CLANG_WARN_COMMA = YES;
				CLANG_WARN_CONSTANT_CONVERSION = YES;
				CLANG_WARN_DEPRECATED_OBJC_IMPLEMENTATIONS = YES;
				CLANG_WARN_DIRECT_OBJC_ISA_USAGE = YES_ERROR;
				CLANG_WARN_DOCUMENTATION_COMMENTS = YES;
				CLANG_WARN_EMPTY_BODY = YES;
				CLANG_WARN_ENUM_CONVERSION = YES;
				CLANG_WARN_INFINITE_RECURSION = YES;
				CLANG_WARN_INT_CONVERSION = YES;
				CLANG_WARN_NON_LITERAL_NULL_CONVERSION = YES;
				CLANG_WARN_OBJC_IMPLICIT_RETAIN_SELF = YES;
				CLANG_WARN_OBJC_LITERAL_CONVERSION = YES;
				CLANG_WARN_OBJC_ROOT_CLASS = YES_ERROR;
				CLANG_WARN_QUOTED_INCLUDE_IN_FRAMEWORK_HEADER = YES;
				CLANG_WARN_RANGE_LOOP_ANALYSIS = YES;
				CLANG_WARN_STRICT_PROTOTYPES = YES;
				CLANG_WARN_SUSPICIOUS_MOVE = YES;
				CLANG_WARN_UNGUARDED_AVAILABILITY = YES_AGGRESSIVE;
				CLANG_WARN_UNREACHABLE_CODE = YES;
				CLANG_WARN__DUPLICATE_METHOD_MATCH = YES;
				COPY_PHASE_STRIP = NO;
				DEBUG_INFORMATION_FORMAT = "dwarf-with-dsym";
				ENABLE_NS_ASSERTIONS = NO;
				ENABLE_STRICT_OBJC_MSGSEND = YES;
				GCC_C_LANGUAGE_STANDARD = gnu11;
				GCC_NO_COMMON_BLOCKS = YES;
				GCC_WARN_64_TO_32_BIT_CONVERSION = YES;
				GCC_WARN_ABOUT_RETURN_TYPE = YES_ERROR;
				GCC_WARN_UNDECLARED_SELECTOR = YES;
				GCC_WARN_UNINITIALIZED_AUTOS = YES_AGGRESSIVE;
				GCC_WARN_UNUSED_FUNCTION = YES;
				GCC_WARN_UNUSED_VARIABLE = YES;
				IPHONEOS_DEPLOYMENT_TARGET = 14.5;
				MTL_ENABLE_DEBUG_INFO = NO;
				MTL_FAST_MATH = YES;
				SDKROOT = iphoneos;
				SWIFT_COMPILATION_MODE = wholemodule;
				SWIFT_OPTIMIZATION_LEVEL = "-O";
				VALIDATE_PRODUCT = YES;
			};
			name = Release;
		};
		1C6BAE3D2684EBC500EF9B27 /* Debug */ = {
			isa = XCBuildConfiguration;
			buildSettings = {
				ASSETCATALOG_COMPILER_APPICON_NAME = AppIcon;
				ASSETCATALOG_COMPILER_GLOBAL_ACCENT_COLOR_NAME = AccentColor;
				CODE_SIGN_STYLE = Automatic;
				DEVELOPMENT_TEAM = PPH9EJ7977;
				INFOPLIST_FILE = RetryGameDevelopmentChassis/Info.plist;
				LD_RUNPATH_SEARCH_PATHS = (
					"$(inherited)",
					"@executable_path/Frameworks",
				);
				PRODUCT_BUNDLE_IDENTIFIER = com.bbc.sounds.RetryGameDevelopmentChassis;
				PRODUCT_NAME = "$(TARGET_NAME)";
				SWIFT_VERSION = 5.0;
				TARGETED_DEVICE_FAMILY = "1,2";
			};
			name = Debug;
		};
		1C6BAE3E2684EBC500EF9B27 /* Release */ = {
			isa = XCBuildConfiguration;
			buildSettings = {
				ASSETCATALOG_COMPILER_APPICON_NAME = AppIcon;
				ASSETCATALOG_COMPILER_GLOBAL_ACCENT_COLOR_NAME = AccentColor;
				CODE_SIGN_STYLE = Automatic;
				DEVELOPMENT_TEAM = PPH9EJ7977;
				INFOPLIST_FILE = RetryGameDevelopmentChassis/Info.plist;
				LD_RUNPATH_SEARCH_PATHS = (
					"$(inherited)",
					"@executable_path/Frameworks",
				);
				PRODUCT_BUNDLE_IDENTIFIER = com.bbc.sounds.RetryGameDevelopmentChassis;
				PRODUCT_NAME = "$(TARGET_NAME)";
				SWIFT_VERSION = 5.0;
				TARGETED_DEVICE_FAMILY = "1,2";
			};
			name = Release;
		};
		1C6BAE402684EBC500EF9B27 /* Debug */ = {
			isa = XCBuildConfiguration;
			buildSettings = {
				ALWAYS_EMBED_SWIFT_STANDARD_LIBRARIES = YES;
				BUNDLE_LOADER = "$(TEST_HOST)";
				CODE_SIGN_STYLE = Automatic;
				DEVELOPMENT_TEAM = PPH9EJ7977;
				INFOPLIST_FILE = RetryGameDevelopmentChassisTests/Info.plist;
				IPHONEOS_DEPLOYMENT_TARGET = 14.5;
				LD_RUNPATH_SEARCH_PATHS = (
					"$(inherited)",
					"@executable_path/Frameworks",
					"@loader_path/Frameworks",
				);
				PRODUCT_BUNDLE_IDENTIFIER = com.bbc.sounds.RetryGameDevelopmentChassisTests;
				PRODUCT_NAME = "$(TARGET_NAME)";
				SWIFT_VERSION = 5.0;
				TARGETED_DEVICE_FAMILY = "1,2";
				TEST_HOST = "$(BUILT_PRODUCTS_DIR)/RetryGameDevelopmentChassis.app/RetryGameDevelopmentChassis";
			};
			name = Debug;
		};
		1C6BAE412684EBC500EF9B27 /* Release */ = {
			isa = XCBuildConfiguration;
			buildSettings = {
				ALWAYS_EMBED_SWIFT_STANDARD_LIBRARIES = YES;
				BUNDLE_LOADER = "$(TEST_HOST)";
				CODE_SIGN_STYLE = Automatic;
				DEVELOPMENT_TEAM = PPH9EJ7977;
				INFOPLIST_FILE = RetryGameDevelopmentChassisTests/Info.plist;
				IPHONEOS_DEPLOYMENT_TARGET = 14.5;
				LD_RUNPATH_SEARCH_PATHS = (
					"$(inherited)",
					"@executable_path/Frameworks",
					"@loader_path/Frameworks",
				);
				PRODUCT_BUNDLE_IDENTIFIER = com.bbc.sounds.RetryGameDevelopmentChassisTests;
				PRODUCT_NAME = "$(TARGET_NAME)";
				SWIFT_VERSION = 5.0;
				TARGETED_DEVICE_FAMILY = "1,2";
				TEST_HOST = "$(BUILT_PRODUCTS_DIR)/RetryGameDevelopmentChassis.app/RetryGameDevelopmentChassis";
			};
			name = Release;
		};
		1C6BAE432684EBC500EF9B27 /* Debug */ = {
			isa = XCBuildConfiguration;
			buildSettings = {
				ALWAYS_EMBED_SWIFT_STANDARD_LIBRARIES = YES;
				CODE_SIGN_STYLE = Automatic;
				DEVELOPMENT_TEAM = PPH9EJ7977;
				INFOPLIST_FILE = RetryGameDevelopmentChassisUITests/Info.plist;
				LD_RUNPATH_SEARCH_PATHS = (
					"$(inherited)",
					"@executable_path/Frameworks",
					"@loader_path/Frameworks",
				);
				PRODUCT_BUNDLE_IDENTIFIER = com.bbc.sounds.RetryGameDevelopmentChassisUITests;
				PRODUCT_NAME = "$(TARGET_NAME)";
				SWIFT_VERSION = 5.0;
				TARGETED_DEVICE_FAMILY = "1,2";
				TEST_TARGET_NAME = RetryGameDevelopmentChassis;
			};
			name = Debug;
		};
		1C6BAE442684EBC500EF9B27 /* Release */ = {
			isa = XCBuildConfiguration;
			buildSettings = {
				ALWAYS_EMBED_SWIFT_STANDARD_LIBRARIES = YES;
				CODE_SIGN_STYLE = Automatic;
				DEVELOPMENT_TEAM = PPH9EJ7977;
				INFOPLIST_FILE = RetryGameDevelopmentChassisUITests/Info.plist;
				LD_RUNPATH_SEARCH_PATHS = (
					"$(inherited)",
					"@executable_path/Frameworks",
					"@loader_path/Frameworks",
				);
				PRODUCT_BUNDLE_IDENTIFIER = com.bbc.sounds.RetryGameDevelopmentChassisUITests;
				PRODUCT_NAME = "$(TARGET_NAME)";
				SWIFT_VERSION = 5.0;
				TARGETED_DEVICE_FAMILY = "1,2";
				TEST_TARGET_NAME = RetryGameDevelopmentChassis;
			};
			name = Release;
		};
/* End XCBuildConfiguration section */

/* Begin XCConfigurationList section */
		1C6BAE0D2684EBC200EF9B27 /* Build configuration list for PBXProject "RetryGameDevelopmentChassis" */ = {
			isa = XCConfigurationList;
			buildConfigurations = (
				1C6BAE3A2684EBC500EF9B27 /* Debug */,
				1C6BAE3B2684EBC500EF9B27 /* Release */,
			);
			defaultConfigurationIsVisible = 0;
			defaultConfigurationName = Release;
		};
		1C6BAE3C2684EBC500EF9B27 /* Build configuration list for PBXNativeTarget "RetryGameDevelopmentChassis" */ = {
			isa = XCConfigurationList;
			buildConfigurations = (
				1C6BAE3D2684EBC500EF9B27 /* Debug */,
				1C6BAE3E2684EBC500EF9B27 /* Release */,
			);
			defaultConfigurationIsVisible = 0;
			defaultConfigurationName = Release;
		};
		1C6BAE3F2684EBC500EF9B27 /* Build configuration list for PBXNativeTarget "RetryGameDevelopmentChassisTests" */ = {
			isa = XCConfigurationList;
			buildConfigurations = (
				1C6BAE402684EBC500EF9B27 /* Debug */,
				1C6BAE412684EBC500EF9B27 /* Release */,
			);
			defaultConfigurationIsVisible = 0;
			defaultConfigurationName = Release;
		};
		1C6BAE422684EBC500EF9B27 /* Build configuration list for PBXNativeTarget "RetryGameDevelopmentChassisUITests" */ = {
			isa = XCConfigurationList;
			buildConfigurations = (
				1C6BAE432684EBC500EF9B27 /* Debug */,
				1C6BAE442684EBC500EF9B27 /* Release */,
			);
			defaultConfigurationIsVisible = 0;
			defaultConfigurationName = Release;
		};
/* End XCConfigurationList section */

/* Begin XCSwiftPackageProductDependency section */
		1C6BAE542684F0F300EF9B27 /* RetryGame */ = {
			isa = XCSwiftPackageProductDependency;
			productName = RetryGame;
		};
/* End XCSwiftPackageProductDependency section */
	};
	rootObject = 1C6BAE0A2684EBC200EF9B27 /* Project object */;
}
